
Microsoft Visual Studio Solution File, Format Version 12.00
Project("{FAE04EC0-301F-11D3-BF4B-00C04F79EFBC}") = "backend", "backend\backend.csproj", "{3CE2D6E4-28C5-4AD7-8947-2ABB08A71664}"
EndProject
Global
	GlobalSection(SolutionConfigurationPlatforms) = preSolution
		Debug|Any CPU = Debug|Any CPU
		Release|Any CPU = Release|Any CPU
	EndGlobalSection
	GlobalSection(ProjectConfigurationPlatforms) = postSolution
		{3CE2D6E4-28C5-4AD7-8947-2ABB08A71664}.Debug|Any CPU.ActiveCfg = Debug|Any CPU
		{3CE2D6E4-28C5-4AD7-8947-2ABB08A71664}.Debug|Any CPU.Build.0 = Debug|Any CPU
		{3CE2D6E4-28C5-4AD7-8947-2ABB08A71664}.Release|Any CPU.ActiveCfg = Release|Any CPU
		{3CE2D6E4-28C5-4AD7-8947-2ABB08A71664}.Release|Any CPU.Build.0 = Release|Any CPU
	EndGlobalSection
EndGlobal
